// !$*UTF8*$!
{
	archiveVersion = 1;
	classes = {
	};
	objectVersion = 50;
	objects = {

/* Begin PBXBuildFile section */
		6A4CF7682405820200827E32 /* AppDelegate.swift in Sources */ = {isa = PBXBuildFile; fileRef = 6A4CF7672405820200827E32 /* AppDelegate.swift */; };
		6A4CF76A2405820200827E32 /* SceneDelegate.swift in Sources */ = {isa = PBXBuildFile; fileRef = 6A4CF7692405820200827E32 /* SceneDelegate.swift */; };
		6A4CF76F2405820200827E32 /* Main.storyboard in Resources */ = {isa = PBXBuildFile; fileRef = 6A4CF76D2405820200827E32 /* Main.storyboard */; };
		6A4CF7712405820500827E32 /* Assets.xcassets in Resources */ = {isa = PBXBuildFile; fileRef = 6A4CF7702405820500827E32 /* Assets.xcassets */; };
		6A4CF7742405820500827E32 /* LaunchScreen.storyboard in Resources */ = {isa = PBXBuildFile; fileRef = 6A4CF7722405820500827E32 /* LaunchScreen.storyboard */; };
		6AB52107240584D800EDC0E5 /* ElementsTableViewController.swift in Sources */ = {isa = PBXBuildFile; fileRef = 6AB52106240584D800EDC0E5 /* ElementsTableViewController.swift */; };
		6AB521092405851400EDC0E5 /* DetailsViewController.swift in Sources */ = {isa = PBXBuildFile; fileRef = 6AB521082405851400EDC0E5 /* DetailsViewController.swift */; };
		6AB5210B2405857C00EDC0E5 /* ElementList.csv in Resources */ = {isa = PBXBuildFile; fileRef = 6AB5210A2405857C00EDC0E5 /* ElementList.csv */; };
		6AB5210D240585B600EDC0E5 /* Element.swift in Sources */ = {isa = PBXBuildFile; fileRef = 6AB5210C240585B600EDC0E5 /* Element.swift */; };
/* End PBXBuildFile section */

/* Begin PBXFileReference section */
		6A4CF7642405820200827E32 /* Elements.app */ = {isa = PBXFileReference; explicitFileType = wrapper.application; includeInIndex = 0; path = Elements.app; sourceTree = BUILT_PRODUCTS_DIR; };
		6A4CF7672405820200827E32 /* AppDelegate.swift */ = {isa = PBXFileReference; lastKnownFileType = sourcecode.swift; path = AppDelegate.swift; sourceTree = "<group>"; };
		6A4CF7692405820200827E32 /* SceneDelegate.swift */ = {isa = PBXFileReference; lastKnownFileType = sourcecode.swift; path = SceneDelegate.swift; sourceTree = "<group>"; };
		6A4CF76E2405820200827E32 /* Base */ = {isa = PBXFileReference; lastKnownFileType = file.storyboard; name = Base; path = Base.lproj/Main.storyboard; sourceTree = "<group>"; };
		6A4CF7702405820500827E32 /* Assets.xcassets */ = {isa = PBXFileReference; lastKnownFileType = folder.assetcatalog; path = Assets.xcassets; sourceTree = "<group>"; };
		6A4CF7732405820500827E32 /* Base */ = {isa = PBXFileReference; lastKnownFileType = file.storyboard; name = Base; path = Base.lproj/LaunchScreen.storyboard; sourceTree = "<group>"; };
		6A4CF7752405820500827E32 /* Info.plist */ = {isa = PBXFileReference; lastKnownFileType = text.plist.xml; path = Info.plist; sourceTree = "<group>"; };
		6AB52106240584D800EDC0E5 /* ElementsTableViewController.swift */ = {isa = PBXFileReference; lastKnownFileType = sourcecode.swift; path = ElementsTableViewController.swift; sourceTree = "<group>"; };
		6AB521082405851400EDC0E5 /* DetailsViewController.swift */ = {isa = PBXFileReference; lastKnownFileType = sourcecode.swift; path = DetailsViewController.swift; sourceTree = "<group>"; };
		6AB5210A2405857C00EDC0E5 /* ElementList.csv */ = {isa = PBXFileReference; fileEncoding = 4; lastKnownFileType = text; path = ElementList.csv; sourceTree = "<group>"; };
		6AB5210C240585B600EDC0E5 /* Element.swift */ = {isa = PBXFileReference; lastKnownFileType = sourcecode.swift; path = Element.swift; sourceTree = "<group>"; };
/* End PBXFileReference section */

/* Begin PBXFrameworksBuildPhase section */
		6A4CF7612405820200827E32 /* Frameworks */ = {
			isa = PBXFrameworksBuildPhase;
			buildActionMask = 2147483647;
			files = (
			);
			runOnlyForDeploymentPostprocessing = 0;
		};
/* End PBXFrameworksBuildPhase section */

/* Begin PBXGroup section */
		6A4CF75B2405820200827E32 = {
			isa = PBXGroup;
			children = (
				6A4CF7662405820200827E32 /* Elements */,
				6A4CF7652405820200827E32 /* Products */,
			);
			sourceTree = "<group>";
		};
		6A4CF7652405820200827E32 /* Products */ = {
			isa = PBXGroup;
			children = (
				6A4CF7642405820200827E32 /* Elements.app */,
			);
			name = Products;
			sourceTree = "<group>";
		};
		6A4CF7662405820200827E32 /* Elements */ = {
			isa = PBXGroup;
			children = (
				6A4CF7672405820200827E32 /* AppDelegate.swift */,
				6A4CF7692405820200827E32 /* SceneDelegate.swift */,
				6AB52106240584D800EDC0E5 /* ElementsTableViewController.swift */,
				6AB5210C240585B600EDC0E5 /* Element.swift */,
				6AB5210A2405857C00EDC0E5 /* ElementList.csv */,
				6AB521082405851400EDC0E5 /* DetailsViewController.swift */,
				6A4CF76D2405820200827E32 /* Main.storyboard */,
				6A4CF7702405820500827E32 /* Assets.xcassets */,
				6A4CF7722405820500827E32 /* LaunchScreen.storyboard */,
				6A4CF7752405820500827E32 /* Info.plist */,
			);
			path = Elements;
			sourceTree = "<group>";
		};
/* End PBXGroup section */

/* Begin PBXNativeTarget section */
		6A4CF7632405820200827E32 /* Elements */ = {
			isa = PBXNativeTarget;
			buildConfigurationList = 6A4CF7782405820500827E32 /* Build configuration list for PBXNativeTarget "Elements" */;
			buildPhases = (
				6A4CF7602405820200827E32 /* Sources */,
				6A4CF7612405820200827E32 /* Frameworks */,
				6A4CF7622405820200827E32 /* Resources */,
			);
			buildRules = (
			);
			dependencies = (
			);
			name = Elements;
			productName = Elements;
			productReference = 6A4CF7642405820200827E32 /* Elements.app */;
			productType = "com.apple.product-type.application";
		};
/* End PBXNativeTarget section */

/* Begin PBXProject section */
		6A4CF75C2405820200827E32 /* Project object */ = {
			isa = PBXProject;
			attributes = {
				LastSwiftUpdateCheck = 1130;
				LastUpgradeCheck = 1130;
				ORGANIZATIONNAME = "Wolfgang's Software Factory";
				TargetAttributes = {
					6A4CF7632405820200827E32 = {
						CreatedOnToolsVersion = 11.3.1;
					};
				};
			};
			buildConfigurationList = 6A4CF75F2405820200827E32 /* Build configuration list for PBXProject "Elements" */;
			compatibilityVersion = "Xcode 9.3";
			developmentRegion = en;
			hasScannedForEncodings = 0;
			knownRegions = (
				en,
				Base,
			);
			mainGroup = 6A4CF75B2405820200827E32;
			productRefGroup = 6A4CF7652405820200827E32 /* Products */;
			projectDirPath = "";
			projectRoot = "";
			targets = (
				6A4CF7632405820200827E32 /* Elements */,
			);
		};
/* End PBXProject section */

/* Begin PBXResourcesBuildPhase section */
		6A4CF7622405820200827E32 /* Resources */ = {
			isa = PBXResourcesBuildPhase;
			buildActionMask = 2147483647;
			files = (
				6A4CF7742405820500827E32 /* LaunchScreen.storyboard in Resources */,
				6A4CF7712405820500827E32 /* Assets.xcassets in Resources */,
				6A4CF76F2405820200827E32 /* Main.storyboard in Resources */,
				6AB5210B2405857C00EDC0E5 /* ElementList.csv in Resources */,
			);
			runOnlyForDeploymentPostprocessing = 0;
		};
/* End PBXResourcesBuildPhase section */

/* Begin PBXSourcesBuildPhase section */
		6A4CF7602405820200827E32 /* Sources */ = {
			isa = PBXSourcesBuildPhase;
			buildActionMask = 2147483647;
			files = (
				6AB52107240584D800EDC0E5 /* ElementsTableViewController.swift in Sources */,
				6A4CF7682405820200827E32 /* AppDelegate.swift in Sources */,
				6A4CF76A2405820200827E32 /* SceneDelegate.swift in Sources */,
				6AB521092405851400EDC0E5 /* DetailsViewController.swift in Sources */,
				6AB5210D240585B600EDC0E5 /* Element.swift in Sources */,
			);
			runOnlyForDeploymentPostprocessing = 0;
		};
/* End PBXSourcesBuildPhase section */

/* Begin PBXVariantGroup section */
		6A4CF76D2405820200827E32 /* Main.storyboard */ = {
			isa = PBXVariantGroup;
			children = (
				6A4CF76E2405820200827E32 /* Base */,
			);
			name = Main.storyboard;
			sourceTree = "<group>";
		};
		6A4CF7722405820500827E32 /* LaunchScreen.storyboard */ = {
			isa = PBXVariantGroup;
			children = (
				6A4CF7732405820500827E32 /* Base */,
			);
			name = LaunchScreen.storyboard;
			sourceTree = "<group>";
		};
/* End PBXVariantGroup section */

/* Begin XCBuildConfiguration section */
		6A4CF7762405820500827E32 /* Debug */ = {
			isa = XCBuildConfiguration;
			buildSettings = {
				ALWAYS_SEARCH_USER_PATHS = NO;
				CLANG_ANALYZER_NONNULL = YES;
				CLANG_ANALYZER_NUMBER_OBJECT_CONVERSION = YES_AGGRESSIVE;
				CLANG_CXX_LANGUAGE_STANDARD = "gnu++14";
				CLANG_CXX_LIBRARY = "libc++";
				CLANG_ENABLE_MODULES = YES;
				CLANG_ENABLE_OBJC_ARC = YES;
				CLANG_ENABLE_OBJC_WEAK = YES;
				CLANG_WARN_BLOCK_CAPTURE_AUTORELEASING = YES;
				CLANG_WARN_BOOL_CONVERSION = YES;
				CLANG_WARN_COMMA = YES;
				CLANG_WARN_CONSTANT_CONVERSION = YES;
				CLANG_WARN_DEPRECATED_OBJC_IMPLEMENTATIONS = YES;
				CLANG_WARN_DIRECT_OBJC_ISA_USAGE = YES_ERROR;
				CLANG_WARN_DOCUMENTATION_COMMENTS = YES;
				CLANG_WARN_EMPTY_BODY = YES;
				CLANG_WARN_ENUM_CONVERSION = YES;
				CLANG_WARN_INFINITE_RECURSION = YES;
				CLANG_WARN_INT_CONVERSION = YES;
				CLANG_WARN_NON_LITERAL_NULL_CONVERSION = YES;
				CLANG_WARN_OBJC_IMPLICIT_RETAIN_SELF = YES;
				CLANG_WARN_OBJC_LITERAL_CONVERSION = YES;
				CLANG_WARN_OBJC_ROOT_CLASS = YES_ERROR;
				CLANG_WARN_RANGE_LOOP_ANALYSIS = YES;
				CLANG_WARN_STRICT_PROTOTYPES = YES;
				CLANG_WARN_SUSPICIOUS_MOVE = YES;
				CLANG_WARN_UNGUARDED_AVAILABILITY = YES_AGGRESSIVE;
				CLANG_WARN_UNREACHABLE_CODE = YES;
				CLANG_WARN__DUPLICATE_METHOD_MATCH = YES;
				COPY_PHASE_STRIP = NO;
				DEBUG_INFORMATION_FORMAT = dwarf;
				ENABLE_STRICT_OBJC_MSGSEND = YES;
				ENABLE_TESTABILITY = YES;
				GCC_C_LANGUAGE_STANDARD = gnu11;
				GCC_DYNAMIC_NO_PIC = NO;
				GCC_NO_COMMON_BLOCKS = YES;
				GCC_OPTIMIZATION_LEVEL = 0;
				GCC_PREPROCESSOR_DEFINITIONS = (
					"DEBUG=1",
					"$(inherited)",
				);
				GCC_WARN_64_TO_32_BIT_CONVERSION = YES;
				GCC_WARN_ABOUT_RETURN_TYPE = YES_ERROR;
				GCC_WARN_UNDECLARED_SELECTOR = YES;
				GCC_WARN_UNINITIALIZED_AUTOS = YES_AGGRESSIVE;
				GCC_WARN_UNUSED_FUNCTION = YES;
				GCC_WARN_UNUSED_VARIABLE = YES;
				IPHONEOS_DEPLOYMENT_TARGET = 13.2;
				MTL_ENABLE_DEBUG_INFO = INCLUDE_SOURCE;
				MTL_FAST_MATH = YES;
				ONLY_ACTIVE_ARCH = YES;
				SDKROOT = iphoneos;
				SWIFT_ACTIVE_COMPILATION_CONDITIONS = DEBUG;
				SWIFT_OPTIMIZATION_LEVEL = "-Onone";
			};
			name = Debug;
		};
		6A4CF7772405820500827E32 /* Release */ = {
			isa = XCBuildConfiguration;
			buildSettings = {
				ALWAYS_SEARCH_USER_PATHS = NO;
				CLANG_ANALYZER_NONNULL = YES;
				CLANG_ANALYZER_NUMBER_OBJECT_CONVERSION = YES_AGGRESSIVE;
				CLANG_CXX_LANGUAGE_STANDARD = "gnu++14";
				CLANG_CXX_LIBRARY = "libc++";
				CLANG_ENABLE_MODULES = YES;
				CLANG_ENABLE_OBJC_ARC = YES;
				CLANG_ENABLE_OBJC_WEAK = YES;
				CLANG_WARN_BLOCK_CAPTURE_AUTORELEASING = YES;
				CLANG_WARN_BOOL_CONVERSION = YES;
				CLANG_WARN_COMMA = YES;
				CLANG_WARN_CONSTANT_CONVERSION = YES;
				CLANG_WARN_DEPRECATED_OBJC_IMPLEMENTATIONS = YES;
				CLANG_WARN_DIRECT_OBJC_ISA_USAGE = YES_ERROR;
				CLANG_WARN_DOCUMENTATION_COMMENTS = YES;
				CLANG_WARN_EMPTY_BODY = YES;
				CLANG_WARN_ENUM_CONVERSION = YES;
				CLANG_WARN_INFINITE_RECURSION = YES;
				CLANG_WARN_INT_CONVERSION = YES;
				CLANG_WARN_NON_LITERAL_NULL_CONVERSION = YES;
				CLANG_WARN_OBJC_IMPLICIT_RETAIN_SELF = YES;
				CLANG_WARN_OBJC_LITERAL_CONVERSION = YES;
				CLANG_WARN_OBJC_ROOT_CLASS = YES_ERROR;
				CLANG_WARN_RANGE_LOOP_ANALYSIS = YES;
				CLANG_WARN_STRICT_PROTOTYPES = YES;
				CLANG_WARN_SUSPICIOUS_MOVE = YES;
				CLANG_WARN_UNGUARDED_AVAILABILITY = YES_AGGRESSIVE;
				CLANG_WARN_UNREACHABLE_CODE = YES;
				CLANG_WARN__DUPLICATE_METHOD_MATCH = YES;
				COPY_PHASE_STRIP = NO;
				DEBUG_INFORMATION_FORMAT = "dwarf-with-dsym";
				ENABLE_NS_ASSERTIONS = NO;
				ENABLE_STRICT_OBJC_MSGSEND = YES;
				GCC_C_LANGUAGE_STANDARD = gnu11;
				GCC_NO_COMMON_BLOCKS = YES;
				GCC_WARN_64_TO_32_BIT_CONVERSION = YES;
				GCC_WARN_ABOUT_RETURN_TYPE = YES_ERROR;
				GCC_WARN_UNDECLARED_SELECTOR = YES;
				GCC_WARN_UNINITIALIZED_AUTOS = YES_AGGRESSIVE;
				GCC_WARN_UNUSED_FUNCTION = YES;
				GCC_WARN_UNUSED_VARIABLE = YES;
				IPHONEOS_DEPLOYMENT_TARGET = 13.2;
				MTL_ENABLE_DEBUG_INFO = NO;
				MTL_FAST_MATH = YES;
				SDKROOT = iphoneos;
				SWIFT_COMPILATION_MODE = wholemodule;
				SWIFT_OPTIMIZATION_LEVEL = "-O";
				VALIDATE_PRODUCT = YES;
			};
			name = Release;
		};
		6A4CF7792405820500827E32 /* Debug */ = {
			isa = XCBuildConfiguration;
			buildSettings = {
				ASSETCATALOG_COMPILER_APPICON_NAME = AppIcon;
				CODE_SIGN_STYLE = Automatic;
				DEVELOPMENT_TEAM = Q6X243V23V;
				INFOPLIST_FILE = Elements/Info.plist;
				LD_RUNPATH_SEARCH_PATHS = (
					"$(inherited)",
					"@executable_path/Frameworks",
				);
				PRODUCT_BUNDLE_IDENTIFIER = sekhah.lane.Elements;
				PRODUCT_NAME = "$(TARGET_NAME)";
				SWIFT_VERSION = 5.0;
				TARGETED_DEVICE_FAMILY = "1,2";
			};
			name = Debug;
		};
		6A4CF77A2405820500827E32 /* Release */ = {
			isa = XCBuildConfiguration;
			buildSettings = {
				ASSETCATALOG_COMPILER_APPICON_NAME = AppIcon;
				CODE_SIGN_STYLE = Automatic;
				DEVELOPMENT_TEAM = Q6X243V23V;
				INFOPLIST_FILE = Elements/Info.plist;
				LD_RUNPATH_SEARCH_PATHS = (
					"$(inherited)",
					"@executable_path/Frameworks",
				);
				PRODUCT_BUNDLE_IDENTIFIER = sekhah.lane.Elements;
				PRODUCT_NAME = "$(TARGET_NAME)";
				SWIFT_VERSION = 5.0;
				TARGETED_DEVICE_FAMILY = "1,2";
			};
			name = Release;
		};
/* End XCBuildConfiguration section */

/* Begin XCConfigurationList section */
		6A4CF75F2405820200827E32 /* Build configuration list for PBXProject "Elements" */ = {
			isa = XCConfigurationList;
			buildConfigurations = (
				6A4CF7762405820500827E32 /* Debug */,
				6A4CF7772405820500827E32 /* Release */,
			);
			defaultConfigurationIsVisible = 0;
			defaultConfigurationName = Release;
		};
		6A4CF7782405820500827E32 /* Build configuration list for PBXNativeTarget "Elements" */ = {
			isa = XCConfigurationList;
			buildConfigurations = (
				6A4CF7792405820500827E32 /* Debug */,
				6A4CF77A2405820500827E32 /* Release */,
			);
			defaultConfigurationIsVisible = 0;
			defaultConfigurationName = Release;
		};
/* End XCConfigurationList section */
	};
	rootObject = 6A4CF75C2405820200827E32 /* Project object */;
}
